{
  "name": "tsnode",
  "version": "1.0.0",
  "lockfileVersion": 1,
  "requires": true,
  "dependencies": {
    "@types/node": {
      "version": "17.0.0",
      "resolved": "https://registry.npmjs.org/@types/node/-/node-17.0.0.tgz",
      "integrity": "sha512-eMhwJXc931Ihh4tkU+Y7GiLzT/y/DBNpNtr4yU9O2w3SYBsr9NaOPhQlLKRmoWtI54uNwuo0IOUFQjVOTZYRvw==",
      "dev": true
    },
    "bignumber.js": {
      "version": "9.0.2",
      "resolved": "https://registry.npmjs.org/bignumber.js/-/bignumber.js-9.0.2.tgz",
      "integrity": "sha512-GAcQvbpsM0pUb0zw1EI0KhQEZ+lRwR5fYaAp3vPOYuP7aDvGy6cVN6XHLauvF8SOga2y0dcLcjt3iQDTSEliyw=="
    },
    "binary-to-decimal": {
      "version": "1.0.9",
      "resolved": "https://registry.npmjs.org/binary-to-decimal/-/binary-to-decimal-1.0.9.tgz",
      "integrity": "sha512-MJ+xjgQs+9woMqyAeeifH6rdk5dYp+DmCbg88/Ns9um8YeqjiwlJvYc/jDcq4vwgvYotFy/bBwpnRy81MLrauA==",
      "requires": {
        "bignumber.js": "^9.0.1"
      }
    }
  }
}
